
Microsoft Visual Studio Solution File, Format Version 12.00
# Visual Studio Version 16
VisualStudioVersion = 16.0.31019.35
MinimumVisualStudioVersion = 10.0.40219.1
Project("{9A19103F-16F7-4668-BE54-9A1E7A4F7556}") = "ChamaUniversity.WebApi", "ChamaUniversity.WebApi\ChamaUniversity.WebApi.csproj", "{FEC3B283-1065-4F3B-9823-873854A45602}"
EndProject
Project("{2150E333-8FDC-42A3-9474-1A3956D46DE8}") = "1-Presentation", "1-Presentation", "{6EA42A07-DEBA-4E1A-931A-3B5FAFFCCD88}"
EndProject
Project("{2150E333-8FDC-42A3-9474-1A3956D46DE8}") = "2-Domain", "2-Domain", "{E170FF69-DD94-4EB3-A7D7-EFCD260E5E8F}"
EndProject
Project("{2150E333-8FDC-42A3-9474-1A3956D46DE8}") = "3-Infra", "3-Infra", "{C71EDBAC-BFCD-494E-BEF0-860B46BA271F}"
EndProject
Project("{2150E333-8FDC-42A3-9474-1A3956D46DE8}") = "4-Entities", "4-Entities", "{D3E464B8-F563-4918-A5BF-905E27BE4265}"
EndProject
Project("{9A19103F-16F7-4668-BE54-9A1E7A4F7556}") = "ChamaUniversity.Entities", "ChamaUniversity.Entities\ChamaUniversity.Entities.csproj", "{429B6557-F03B-4CAD-85FA-0081E3452D13}"
EndProject
Project("{9A19103F-16F7-4668-BE54-9A1E7A4F7556}") = "ChamaUniversity.Data", "ChamaUniversity.Infrastructure\ChamaUniversity.Data.csproj", "{E0B449AD-25D9-4932-84FE-2649E753F596}"
EndProject
Project("{9A19103F-16F7-4668-BE54-9A1E7A4F7556}") = "ChamaUniversity.Application", "ChamaUniversity.Application\ChamaUniversity.Application.csproj", "{EDBE3F26-98B0-4E23-BFBD-7B64321B10AD}"
EndProject
Project("{9A19103F-16F7-4668-BE54-9A1E7A4F7556}") = "ChamaUniversity.Dtos", "ChamaUniversity.Dtos\ChamaUniversity.Dtos.csproj", "{7E62F920-DD51-4F4A-AB13-D1C0F4078EB2}"
EndProject
Project("{2150E333-8FDC-42A3-9474-1A3956D46DE8}") = "5-Framework and Tests", "5-Framework and Tests", "{A3F932D7-93A4-4CB0-8167-EBB9A57E42B1}"
EndProject
Project("{9A19103F-16F7-4668-BE54-9A1E7A4F7556}") = "ChamaUniversity.Util", "ChamaUniversity.Util\ChamaUniversity.Util.csproj", "{A9D96447-316B-4459-9345-63068D0766F0}"
EndProject
Project("{FAE04EC0-301F-11D3-BF4B-00C04F79EFBC}") = "ChamaUniversity.UnitTest", "ChamaUniversity.UnitTest\ChamaUniversity.UnitTest.csproj", "{371FEFB2-F011-418A-B790-1C681516B3C6}"
EndProject
Global
	GlobalSection(SolutionConfigurationPlatforms) = preSolution
		Debug|Any CPU = Debug|Any CPU
		Release|Any CPU = Release|Any CPU
	EndGlobalSection
	GlobalSection(ProjectConfigurationPlatforms) = postSolution
		{FEC3B283-1065-4F3B-9823-873854A45602}.Debug|Any CPU.ActiveCfg = Debug|Any CPU
		{FEC3B283-1065-4F3B-9823-873854A45602}.Debug|Any CPU.Build.0 = Debug|Any CPU
		{FEC3B283-1065-4F3B-9823-873854A45602}.Release|Any CPU.ActiveCfg = Release|Any CPU
		{FEC3B283-1065-4F3B-9823-873854A45602}.Release|Any CPU.Build.0 = Release|Any CPU
		{429B6557-F03B-4CAD-85FA-0081E3452D13}.Debug|Any CPU.ActiveCfg = Debug|Any CPU
		{429B6557-F03B-4CAD-85FA-0081E3452D13}.Debug|Any CPU.Build.0 = Debug|Any CPU
		{429B6557-F03B-4CAD-85FA-0081E3452D13}.Release|Any CPU.ActiveCfg = Release|Any CPU
		{429B6557-F03B-4CAD-85FA-0081E3452D13}.Release|Any CPU.Build.0 = Release|Any CPU
		{E0B449AD-25D9-4932-84FE-2649E753F596}.Debug|Any CPU.ActiveCfg = Debug|Any CPU
		{E0B449AD-25D9-4932-84FE-2649E753F596}.Debug|Any CPU.Build.0 = Debug|Any CPU
		{E0B449AD-25D9-4932-84FE-2649E753F596}.Release|Any CPU.ActiveCfg = Release|Any CPU
		{E0B449AD-25D9-4932-84FE-2649E753F596}.Release|Any CPU.Build.0 = Release|Any CPU
		{EDBE3F26-98B0-4E23-BFBD-7B64321B10AD}.Debug|Any CPU.ActiveCfg = Debug|Any CPU
		{EDBE3F26-98B0-4E23-BFBD-7B64321B10AD}.Debug|Any CPU.Build.0 = Debug|Any CPU
		{EDBE3F26-98B0-4E23-BFBD-7B64321B10AD}.Release|Any CPU.ActiveCfg = Release|Any CPU
		{EDBE3F26-98B0-4E23-BFBD-7B64321B10AD}.Release|Any CPU.Build.0 = Release|Any CPU
		{7E62F920-DD51-4F4A-AB13-D1C0F4078EB2}.Debug|Any CPU.ActiveCfg = Debug|Any CPU
		{7E62F920-DD51-4F4A-AB13-D1C0F4078EB2}.Debug|Any CPU.Build.0 = Debug|Any CPU
		{7E62F920-DD51-4F4A-AB13-D1C0F4078EB2}.Release|Any CPU.ActiveCfg = Release|Any CPU
		{7E62F920-DD51-4F4A-AB13-D1C0F4078EB2}.Release|Any CPU.Build.0 = Release|Any CPU
		{A9D96447-316B-4459-9345-63068D0766F0}.Debug|Any CPU.ActiveCfg = Debug|Any CPU
		{A9D96447-316B-4459-9345-63068D0766F0}.Debug|Any CPU.Build.0 = Debug|Any CPU
		{A9D96447-316B-4459-9345-63068D0766F0}.Release|Any CPU.ActiveCfg = Release|Any CPU
		{A9D96447-316B-4459-9345-63068D0766F0}.Release|Any CPU.Build.0 = Release|Any CPU
		{371FEFB2-F011-418A-B790-1C681516B3C6}.Debug|Any CPU.ActiveCfg = Debug|Any CPU
		{371FEFB2-F011-418A-B790-1C681516B3C6}.Debug|Any CPU.Build.0 = Debug|Any CPU
		{371FEFB2-F011-418A-B790-1C681516B3C6}.Release|Any CPU.ActiveCfg = Release|Any CPU
		{371FEFB2-F011-418A-B790-1C681516B3C6}.Release|Any CPU.Build.0 = Release|Any CPU
	EndGlobalSection
	GlobalSection(SolutionProperties) = preSolution
		HideSolutionNode = FALSE
	EndGlobalSection
	GlobalSection(NestedProjects) = preSolution
		{FEC3B283-1065-4F3B-9823-873854A45602} = {6EA42A07-DEBA-4E1A-931A-3B5FAFFCCD88}
		{429B6557-F03B-4CAD-85FA-0081E3452D13} = {D3E464B8-F563-4918-A5BF-905E27BE4265}
		{E0B449AD-25D9-4932-84FE-2649E753F596} = {C71EDBAC-BFCD-494E-BEF0-860B46BA271F}
		{EDBE3F26-98B0-4E23-BFBD-7B64321B10AD} = {E170FF69-DD94-4EB3-A7D7-EFCD260E5E8F}
		{7E62F920-DD51-4F4A-AB13-D1C0F4078EB2} = {E170FF69-DD94-4EB3-A7D7-EFCD260E5E8F}
		{A9D96447-316B-4459-9345-63068D0766F0} = {A3F932D7-93A4-4CB0-8167-EBB9A57E42B1}
		{371FEFB2-F011-418A-B790-1C681516B3C6} = {A3F932D7-93A4-4CB0-8167-EBB9A57E42B1}
	EndGlobalSection
	GlobalSection(ExtensibilityGlobals) = postSolution
		SolutionGuid = {A718FBC1-03F2-4D90-B6ED-DCE2F3A1386F}
	EndGlobalSection
EndGlobal
